
Microsoft Visual Studio Solution File, Format Version 12.00
# Visual Studio Version 17
VisualStudioVersion = 17.3.32825.248
MinimumVisualStudioVersion = 10.0.40219.1
Project("{FAE04EC0-301F-11D3-BF4B-00C04F79EFBC}") = "PrintDiamondPattern", "PrintDiamondPattern.csproj", "{0C235CB5-8BA6-4816-B863-6BB7A84B1482}"
EndProject
Project("{FAE04EC0-301F-11D3-BF4B-00C04F79EFBC}") = "PrintDiamondMSTest", "..\PrintDiamondMSTest\PrintDiamondMSTest.csproj", "{8F091F48-A8AD-4328-B261-99F0D5223CBF}"
EndProject
Global
	GlobalSection(SolutionConfigurationPlatforms) = preSolution
		Debug|Any CPU = Debug|Any CPU
		Release|Any CPU = Release|Any CPU
	EndGlobalSection
	GlobalSection(ProjectConfigurationPlatforms) = postSolution
		{0C235CB5-8BA6-4816-B863-6BB7A84B1482}.Debug|Any CPU.ActiveCfg = Debug|Any CPU
		{0C235CB5-8BA6-4816-B863-6BB7A84B1482}.Debug|Any CPU.Build.0 = Debug|Any CPU
		{0C235CB5-8BA6-4816-B863-6BB7A84B1482}.Release|Any CPU.ActiveCfg = Release|Any CPU
		{0C235CB5-8BA6-4816-B863-6BB7A84B1482}.Release|Any CPU.Build.0 = Release|Any CPU
		{8F091F48-A8AD-4328-B261-99F0D5223CBF}.Debug|Any CPU.ActiveCfg = Debug|Any CPU
		{8F091F48-A8AD-4328-B261-99F0D5223CBF}.Debug|Any CPU.Build.0 = Debug|Any CPU
		{8F091F48-A8AD-4328-B261-99F0D5223CBF}.Release|Any CPU.ActiveCfg = Release|Any CPU
		{8F091F48-A8AD-4328-B261-99F0D5223CBF}.Release|Any CPU.Build.0 = Release|Any CPU
	EndGlobalSection
	GlobalSection(SolutionProperties) = preSolution
		HideSolutionNode = FALSE
	EndGlobalSection
	GlobalSection(ExtensibilityGlobals) = postSolution
		SolutionGuid = {5C9EA3C1-B986-4CF8-AD3C-BD8EB7D9AF64}
	EndGlobalSection
EndGlobal
